// !$*UTF8*$!
{
	archiveVersion = 1;
	classes = {
	};
	objectVersion = 50;
	objects = {

/* Begin PBXBuildFile section */
		4DECADBC26E22541003CB1D6 /* AppDelegate.swift in Sources */ = {isa = PBXBuildFile; fileRef = 4DECADBB26E22541003CB1D6 /* AppDelegate.swift */; };
		4DECADC026E22541003CB1D6 /* GameStartVC.swift in Sources */ = {isa = PBXBuildFile; fileRef = 4DECADBF26E22541003CB1D6 /* GameStartVC.swift */; };
		4DECADC526E22542003CB1D6 /* Assets.xcassets in Resources */ = {isa = PBXBuildFile; fileRef = 4DECADC426E22542003CB1D6 /* Assets.xcassets */; };
		4DECADD926E23110003CB1D6 /* SnapKit.framework in Frameworks */ = {isa = PBXBuildFile; fileRef = 4DECADD826E23110003CB1D6 /* SnapKit.framework */; };
		4DECADDB26E2314C003CB1D6 /* SnapKit.framework in Frameworks */ = {isa = PBXBuildFile; fileRef = 4DECADD826E23110003CB1D6 /* SnapKit.framework */; settings = {ATTRIBUTES = (CodeSignOnCopy, RemoveHeadersOnCopy, ); }; };
		4DECADDD26E27BE4003CB1D6 /* CompGuessesVC.swift in Sources */ = {isa = PBXBuildFile; fileRef = 4DECADDC26E27BE4003CB1D6 /* CompGuessesVC.swift */; };
		4DECADDF26E28187003CB1D6 /* HumanGuessesVC.swift in Sources */ = {isa = PBXBuildFile; fileRef = 4DECADDE26E28187003CB1D6 /* HumanGuessesVC.swift */; };
		4DECADE326E28762003CB1D6 /* GameResultsVC.swift in Sources */ = {isa = PBXBuildFile; fileRef = 4DECADE226E28762003CB1D6 /* GameResultsVC.swift */; };
		4DECADE626E4CF1D003CB1D6 /* PlayerModel.swift in Sources */ = {isa = PBXBuildFile; fileRef = 4DECADE526E4CF1D003CB1D6 /* PlayerModel.swift */; };
		4DECADE826E4CF9D003CB1D6 /* HumanPlayerModel.swift in Sources */ = {isa = PBXBuildFile; fileRef = 4DECADE726E4CF9D003CB1D6 /* HumanPlayerModel.swift */; };
		4DECADEA26E4CFC6003CB1D6 /* CompPlayerModel.swift in Sources */ = {isa = PBXBuildFile; fileRef = 4DECADE926E4CFC6003CB1D6 /* CompPlayerModel.swift */; };
		4DECADEC26E4D001003CB1D6 /* GameModel.swift in Sources */ = {isa = PBXBuildFile; fileRef = 4DECADEB26E4D001003CB1D6 /* GameModel.swift */; };
		4DECADEE26E553C1003CB1D6 /* GameRouter.swift in Sources */ = {isa = PBXBuildFile; fileRef = 4DECADED26E553C1003CB1D6 /* GameRouter.swift */; };
		4DECADF026E55577003CB1D6 /* CompGuessesVM.swift in Sources */ = {isa = PBXBuildFile; fileRef = 4DECADEF26E55577003CB1D6 /* CompGuessesVM.swift */; };
		4DECADF226E55587003CB1D6 /* HumanGuessesVM.swift in Sources */ = {isa = PBXBuildFile; fileRef = 4DECADF126E55587003CB1D6 /* HumanGuessesVM.swift */; };
/* End PBXBuildFile section */

/* Begin PBXCopyFilesBuildPhase section */
		4DECADDA26E23130003CB1D6 /* Frameworks */ = {
			isa = PBXCopyFilesBuildPhase;
			buildActionMask = 12;
			dstPath = "";
			dstSubfolderSpec = 10;
			files = (
				4DECADDB26E2314C003CB1D6 /* SnapKit.framework in Frameworks */,
			);
			name = Frameworks;
			runOnlyForDeploymentPostprocessing = 0;
		};
/* End PBXCopyFilesBuildPhase section */

/* Begin PBXFileReference section */
		4DECADB826E22541003CB1D6 /* test_game.app */ = {isa = PBXFileReference; explicitFileType = wrapper.application; includeInIndex = 0; path = test_game.app; sourceTree = BUILT_PRODUCTS_DIR; };
		4DECADBB26E22541003CB1D6 /* AppDelegate.swift */ = {isa = PBXFileReference; lastKnownFileType = sourcecode.swift; path = AppDelegate.swift; sourceTree = "<group>"; };
		4DECADBF26E22541003CB1D6 /* GameStartVC.swift */ = {isa = PBXFileReference; lastKnownFileType = sourcecode.swift; path = GameStartVC.swift; sourceTree = "<group>"; };
		4DECADC426E22542003CB1D6 /* Assets.xcassets */ = {isa = PBXFileReference; lastKnownFileType = folder.assetcatalog; path = Assets.xcassets; sourceTree = "<group>"; };
		4DECADC926E22542003CB1D6 /* Info.plist */ = {isa = PBXFileReference; lastKnownFileType = text.plist.xml; path = Info.plist; sourceTree = "<group>"; };
		4DECADD826E23110003CB1D6 /* SnapKit.framework */ = {isa = PBXFileReference; lastKnownFileType = wrapper.framework; name = SnapKit.framework; path = Carthage/Build/iOS/SnapKit.framework; sourceTree = "<group>"; };
		4DECADDC26E27BE4003CB1D6 /* CompGuessesVC.swift */ = {isa = PBXFileReference; lastKnownFileType = sourcecode.swift; path = CompGuessesVC.swift; sourceTree = "<group>"; };
		4DECADDE26E28187003CB1D6 /* HumanGuessesVC.swift */ = {isa = PBXFileReference; lastKnownFileType = sourcecode.swift; path = HumanGuessesVC.swift; sourceTree = "<group>"; };
		4DECADE226E28762003CB1D6 /* GameResultsVC.swift */ = {isa = PBXFileReference; lastKnownFileType = sourcecode.swift; path = GameResultsVC.swift; sourceTree = "<group>"; };
		4DECADE526E4CF1D003CB1D6 /* PlayerModel.swift */ = {isa = PBXFileReference; lastKnownFileType = sourcecode.swift; path = PlayerModel.swift; sourceTree = "<group>"; };
		4DECADE726E4CF9D003CB1D6 /* HumanPlayerModel.swift */ = {isa = PBXFileReference; lastKnownFileType = sourcecode.swift; path = HumanPlayerModel.swift; sourceTree = "<group>"; };
		4DECADE926E4CFC6003CB1D6 /* CompPlayerModel.swift */ = {isa = PBXFileReference; lastKnownFileType = sourcecode.swift; path = CompPlayerModel.swift; sourceTree = "<group>"; };
		4DECADEB26E4D001003CB1D6 /* GameModel.swift */ = {isa = PBXFileReference; lastKnownFileType = sourcecode.swift; path = GameModel.swift; sourceTree = "<group>"; };
		4DECADED26E553C1003CB1D6 /* GameRouter.swift */ = {isa = PBXFileReference; lastKnownFileType = sourcecode.swift; path = GameRouter.swift; sourceTree = "<group>"; };
		4DECADEF26E55577003CB1D6 /* CompGuessesVM.swift */ = {isa = PBXFileReference; lastKnownFileType = sourcecode.swift; path = CompGuessesVM.swift; sourceTree = "<group>"; };
		4DECADF126E55587003CB1D6 /* HumanGuessesVM.swift */ = {isa = PBXFileReference; lastKnownFileType = sourcecode.swift; path = HumanGuessesVM.swift; sourceTree = "<group>"; };
/* End PBXFileReference section */

/* Begin PBXFrameworksBuildPhase section */
		4DECADB526E22541003CB1D6 /* Frameworks */ = {
			isa = PBXFrameworksBuildPhase;
			buildActionMask = 2147483647;
			files = (
				4DECADD926E23110003CB1D6 /* SnapKit.framework in Frameworks */,
			);
			runOnlyForDeploymentPostprocessing = 0;
		};
/* End PBXFrameworksBuildPhase section */

/* Begin PBXGroup section */
		4DECADAF26E22541003CB1D6 = {
			isa = PBXGroup;
			children = (
				4DECADD826E23110003CB1D6 /* SnapKit.framework */,
				4DECADBA26E22541003CB1D6 /* test_game */,
				4DECADB926E22541003CB1D6 /* Products */,
			);
			sourceTree = "<group>";
		};
		4DECADB926E22541003CB1D6 /* Products */ = {
			isa = PBXGroup;
			children = (
				4DECADB826E22541003CB1D6 /* test_game.app */,
			);
			name = Products;
			sourceTree = "<group>";
		};
		4DECADBA26E22541003CB1D6 /* test_game */ = {
			isa = PBXGroup;
			children = (
				4DECADBB26E22541003CB1D6 /* AppDelegate.swift */,
				4DECADBF26E22541003CB1D6 /* GameStartVC.swift */,
				4DECADDC26E27BE4003CB1D6 /* CompGuessesVC.swift */,
				4DECADDE26E28187003CB1D6 /* HumanGuessesVC.swift */,
				4DECADE226E28762003CB1D6 /* GameResultsVC.swift */,
				4DECADE426E4CEB8003CB1D6 /* Models */,
				4DECADC426E22542003CB1D6 /* Assets.xcassets */,
				4DECADC926E22542003CB1D6 /* Info.plist */,
			);
			path = test_game;
			sourceTree = "<group>";
		};
		4DECADE426E4CEB8003CB1D6 /* Models */ = {
			isa = PBXGroup;
			children = (
				4DECADE526E4CF1D003CB1D6 /* PlayerModel.swift */,
				4DECADED26E553C1003CB1D6 /* GameRouter.swift */,
				4DECADEB26E4D001003CB1D6 /* GameModel.swift */,
				4DECADE726E4CF9D003CB1D6 /* HumanPlayerModel.swift */,
				4DECADE926E4CFC6003CB1D6 /* CompPlayerModel.swift */,
				4DECADEF26E55577003CB1D6 /* CompGuessesVM.swift */,
				4DECADF126E55587003CB1D6 /* HumanGuessesVM.swift */,
			);
			path = Models;
			sourceTree = "<group>";
		};
/* End PBXGroup section */

/* Begin PBXNativeTarget section */
		4DECADB726E22541003CB1D6 /* test_game */ = {
			isa = PBXNativeTarget;
			buildConfigurationList = 4DECADCC26E22542003CB1D6 /* Build configuration list for PBXNativeTarget "test_game" */;
			buildPhases = (
				4DECADB426E22541003CB1D6 /* Sources */,
				4DECADB526E22541003CB1D6 /* Frameworks */,
				4DECADB626E22541003CB1D6 /* Resources */,
				4DECADDA26E23130003CB1D6 /* Frameworks */,
			);
			buildRules = (
			);
			dependencies = (
			);
			name = test_game;
			productName = test_game;
			productReference = 4DECADB826E22541003CB1D6 /* test_game.app */;
			productType = "com.apple.product-type.application";
		};
/* End PBXNativeTarget section */

/* Begin PBXProject section */
		4DECADB026E22541003CB1D6 /* Project object */ = {
			isa = PBXProject;
			attributes = {
				LastSwiftUpdateCheck = 1130;
				LastUpgradeCheck = 1130;
				ORGANIZATIONNAME = "Anastasia Tetyueva";
				TargetAttributes = {
					4DECADB726E22541003CB1D6 = {
						CreatedOnToolsVersion = 11.3.1;
					};
				};
			};
			buildConfigurationList = 4DECADB326E22541003CB1D6 /* Build configuration list for PBXProject "test_game" */;
			compatibilityVersion = "Xcode 9.3";
			developmentRegion = en;
			hasScannedForEncodings = 0;
			knownRegions = (
				en,
				Base,
			);
			mainGroup = 4DECADAF26E22541003CB1D6;
			productRefGroup = 4DECADB926E22541003CB1D6 /* Products */;
			projectDirPath = "";
			projectRoot = "";
			targets = (
				4DECADB726E22541003CB1D6 /* test_game */,
			);
		};
/* End PBXProject section */

/* Begin PBXResourcesBuildPhase section */
		4DECADB626E22541003CB1D6 /* Resources */ = {
			isa = PBXResourcesBuildPhase;
			buildActionMask = 2147483647;
			files = (
				4DECADC526E22542003CB1D6 /* Assets.xcassets in Resources */,
			);
			runOnlyForDeploymentPostprocessing = 0;
		};
/* End PBXResourcesBuildPhase section */

/* Begin PBXSourcesBuildPhase section */
		4DECADB426E22541003CB1D6 /* Sources */ = {
			isa = PBXSourcesBuildPhase;
			buildActionMask = 2147483647;
			files = (
				4DECADC026E22541003CB1D6 /* GameStartVC.swift in Sources */,
				4DECADEA26E4CFC6003CB1D6 /* CompPlayerModel.swift in Sources */,
				4DECADBC26E22541003CB1D6 /* AppDelegate.swift in Sources */,
				4DECADE626E4CF1D003CB1D6 /* PlayerModel.swift in Sources */,
				4DECADEE26E553C1003CB1D6 /* GameRouter.swift in Sources */,
				4DECADEC26E4D001003CB1D6 /* GameModel.swift in Sources */,
				4DECADF026E55577003CB1D6 /* CompGuessesVM.swift in Sources */,
				4DECADDD26E27BE4003CB1D6 /* CompGuessesVC.swift in Sources */,
				4DECADE326E28762003CB1D6 /* GameResultsVC.swift in Sources */,
				4DECADF226E55587003CB1D6 /* HumanGuessesVM.swift in Sources */,
				4DECADDF26E28187003CB1D6 /* HumanGuessesVC.swift in Sources */,
				4DECADE826E4CF9D003CB1D6 /* HumanPlayerModel.swift in Sources */,
			);
			runOnlyForDeploymentPostprocessing = 0;
		};
/* End PBXSourcesBuildPhase section */

/* Begin XCBuildConfiguration section */
		4DECADCA26E22542003CB1D6 /* Debug */ = {
			isa = XCBuildConfiguration;
			buildSettings = {
				ALWAYS_SEARCH_USER_PATHS = NO;
				CLANG_ANALYZER_NONNULL = YES;
				CLANG_ANALYZER_NUMBER_OBJECT_CONVERSION = YES_AGGRESSIVE;
				CLANG_CXX_LANGUAGE_STANDARD = "gnu++14";
				CLANG_CXX_LIBRARY = "libc++";
				CLANG_ENABLE_MODULES = YES;
				CLANG_ENABLE_OBJC_ARC = YES;
				CLANG_ENABLE_OBJC_WEAK = YES;
				CLANG_WARN_BLOCK_CAPTURE_AUTORELEASING = YES;
				CLANG_WARN_BOOL_CONVERSION = YES;
				CLANG_WARN_COMMA = YES;
				CLANG_WARN_CONSTANT_CONVERSION = YES;
				CLANG_WARN_DEPRECATED_OBJC_IMPLEMENTATIONS = YES;
				CLANG_WARN_DIRECT_OBJC_ISA_USAGE = YES_ERROR;
				CLANG_WARN_DOCUMENTATION_COMMENTS = YES;
				CLANG_WARN_EMPTY_BODY = YES;
				CLANG_WARN_ENUM_CONVERSION = YES;
				CLANG_WARN_INFINITE_RECURSION = YES;
				CLANG_WARN_INT_CONVERSION = YES;
				CLANG_WARN_NON_LITERAL_NULL_CONVERSION = YES;
				CLANG_WARN_OBJC_IMPLICIT_RETAIN_SELF = YES;
				CLANG_WARN_OBJC_LITERAL_CONVERSION = YES;
				CLANG_WARN_OBJC_ROOT_CLASS = YES_ERROR;
				CLANG_WARN_RANGE_LOOP_ANALYSIS = YES;
				CLANG_WARN_STRICT_PROTOTYPES = YES;
				CLANG_WARN_SUSPICIOUS_MOVE = YES;
				CLANG_WARN_UNGUARDED_AVAILABILITY = YES_AGGRESSIVE;
				CLANG_WARN_UNREACHABLE_CODE = YES;
				CLANG_WARN__DUPLICATE_METHOD_MATCH = YES;
				COPY_PHASE_STRIP = NO;
				DEBUG_INFORMATION_FORMAT = dwarf;
				ENABLE_STRICT_OBJC_MSGSEND = YES;
				ENABLE_TESTABILITY = YES;
				GCC_C_LANGUAGE_STANDARD = gnu11;
				GCC_DYNAMIC_NO_PIC = NO;
				GCC_NO_COMMON_BLOCKS = YES;
				GCC_OPTIMIZATION_LEVEL = 0;
				GCC_PREPROCESSOR_DEFINITIONS = (
					"DEBUG=1",
					"$(inherited)",
				);
				GCC_WARN_64_TO_32_BIT_CONVERSION = YES;
				GCC_WARN_ABOUT_RETURN_TYPE = YES_ERROR;
				GCC_WARN_UNDECLARED_SELECTOR = YES;
				GCC_WARN_UNINITIALIZED_AUTOS = YES_AGGRESSIVE;
				GCC_WARN_UNUSED_FUNCTION = YES;
				GCC_WARN_UNUSED_VARIABLE = YES;
				IPHONEOS_DEPLOYMENT_TARGET = 13.2;
				MTL_ENABLE_DEBUG_INFO = INCLUDE_SOURCE;
				MTL_FAST_MATH = YES;
				ONLY_ACTIVE_ARCH = YES;
				SDKROOT = iphoneos;
				SWIFT_ACTIVE_COMPILATION_CONDITIONS = DEBUG;
				SWIFT_OPTIMIZATION_LEVEL = "-Onone";
			};
			name = Debug;
		};
		4DECADCB26E22542003CB1D6 /* Release */ = {
			isa = XCBuildConfiguration;
			buildSettings = {
				ALWAYS_SEARCH_USER_PATHS = NO;
				CLANG_ANALYZER_NONNULL = YES;
				CLANG_ANALYZER_NUMBER_OBJECT_CONVERSION = YES_AGGRESSIVE;
				CLANG_CXX_LANGUAGE_STANDARD = "gnu++14";
				CLANG_CXX_LIBRARY = "libc++";
				CLANG_ENABLE_MODULES = YES;
				CLANG_ENABLE_OBJC_ARC = YES;
				CLANG_ENABLE_OBJC_WEAK = YES;
				CLANG_WARN_BLOCK_CAPTURE_AUTORELEASING = YES;
				CLANG_WARN_BOOL_CONVERSION = YES;
				CLANG_WARN_COMMA = YES;
				CLANG_WARN_CONSTANT_CONVERSION = YES;
				CLANG_WARN_DEPRECATED_OBJC_IMPLEMENTATIONS = YES;
				CLANG_WARN_DIRECT_OBJC_ISA_USAGE = YES_ERROR;
				CLANG_WARN_DOCUMENTATION_COMMENTS = YES;
				CLANG_WARN_EMPTY_BODY = YES;
				CLANG_WARN_ENUM_CONVERSION = YES;
				CLANG_WARN_INFINITE_RECURSION = YES;
				CLANG_WARN_INT_CONVERSION = YES;
				CLANG_WARN_NON_LITERAL_NULL_CONVERSION = YES;
				CLANG_WARN_OBJC_IMPLICIT_RETAIN_SELF = YES;
				CLANG_WARN_OBJC_LITERAL_CONVERSION = YES;
				CLANG_WARN_OBJC_ROOT_CLASS = YES_ERROR;
				CLANG_WARN_RANGE_LOOP_ANALYSIS = YES;
				CLANG_WARN_STRICT_PROTOTYPES = YES;
				CLANG_WARN_SUSPICIOUS_MOVE = YES;
				CLANG_WARN_UNGUARDED_AVAILABILITY = YES_AGGRESSIVE;
				CLANG_WARN_UNREACHABLE_CODE = YES;
				CLANG_WARN__DUPLICATE_METHOD_MATCH = YES;
				COPY_PHASE_STRIP = NO;
				DEBUG_INFORMATION_FORMAT = "dwarf-with-dsym";
				ENABLE_NS_ASSERTIONS = NO;
				ENABLE_STRICT_OBJC_MSGSEND = YES;
				GCC_C_LANGUAGE_STANDARD = gnu11;
				GCC_NO_COMMON_BLOCKS = YES;
				GCC_WARN_64_TO_32_BIT_CONVERSION = YES;
				GCC_WARN_ABOUT_RETURN_TYPE = YES_ERROR;
				GCC_WARN_UNDECLARED_SELECTOR = YES;
				GCC_WARN_UNINITIALIZED_AUTOS = YES_AGGRESSIVE;
				GCC_WARN_UNUSED_FUNCTION = YES;
				GCC_WARN_UNUSED_VARIABLE = YES;
				IPHONEOS_DEPLOYMENT_TARGET = 13.2;
				MTL_ENABLE_DEBUG_INFO = NO;
				MTL_FAST_MATH = YES;
				SDKROOT = iphoneos;
				SWIFT_COMPILATION_MODE = wholemodule;
				SWIFT_OPTIMIZATION_LEVEL = "-O";
				VALIDATE_PRODUCT = YES;
			};
			name = Release;
		};
		4DECADCD26E22542003CB1D6 /* Debug */ = {
			isa = XCBuildConfiguration;
			buildSettings = {
				ASSETCATALOG_COMPILER_APPICON_NAME = AppIcon;
				CODE_SIGN_STYLE = Automatic;
				DEVELOPMENT_TEAM = Q2999QUFWF;
				FRAMEWORK_SEARCH_PATHS = (
					"$(inherited)",
					"$(PROJECT_DIR)/Carthage/Build/iOS",
				);
				INFOPLIST_FILE = test_game/Info.plist;
				LD_RUNPATH_SEARCH_PATHS = (
					"$(inherited)",
					"@executable_path/Frameworks",
				);
				PRODUCT_BUNDLE_IDENTIFIER = "com.nastya.test-game";
				PRODUCT_NAME = "$(TARGET_NAME)";
				SWIFT_VERSION = 5.0;
				TARGETED_DEVICE_FAMILY = "1,2";
			};
			name = Debug;
		};
		4DECADCE26E22542003CB1D6 /* Release */ = {
			isa = XCBuildConfiguration;
			buildSettings = {
				ASSETCATALOG_COMPILER_APPICON_NAME = AppIcon;
				CODE_SIGN_STYLE = Automatic;
				DEVELOPMENT_TEAM = Q2999QUFWF;
				FRAMEWORK_SEARCH_PATHS = (
					"$(inherited)",
					"$(PROJECT_DIR)/Carthage/Build/iOS",
				);
				INFOPLIST_FILE = test_game/Info.plist;
				LD_RUNPATH_SEARCH_PATHS = (
					"$(inherited)",
					"@executable_path/Frameworks",
				);
				PRODUCT_BUNDLE_IDENTIFIER = "com.nastya.test-game";
				PRODUCT_NAME = "$(TARGET_NAME)";
				SWIFT_VERSION = 5.0;
				TARGETED_DEVICE_FAMILY = "1,2";
			};
			name = Release;
		};
/* End XCBuildConfiguration section */

/* Begin XCConfigurationList section */
		4DECADB326E22541003CB1D6 /* Build configuration list for PBXProject "test_game" */ = {
			isa = XCConfigurationList;
			buildConfigurations = (
				4DECADCA26E22542003CB1D6 /* Debug */,
				4DECADCB26E22542003CB1D6 /* Release */,
			);
			defaultConfigurationIsVisible = 0;
			defaultConfigurationName = Release;
		};
		4DECADCC26E22542003CB1D6 /* Build configuration list for PBXNativeTarget "test_game" */ = {
			isa = XCConfigurationList;
			buildConfigurations = (
				4DECADCD26E22542003CB1D6 /* Debug */,
				4DECADCE26E22542003CB1D6 /* Release */,
			);
			defaultConfigurationIsVisible = 0;
			defaultConfigurationName = Release;
		};
/* End XCConfigurationList section */
	};
	rootObject = 4DECADB026E22541003CB1D6 /* Project object */;
}
